// !$*UTF8*$!
{
	archiveVersion = 1;
	classes = {
	};
	objectVersion = 46;
	objects = {

/* Begin PBXBuildFile section */
		CD3E2E521E1F827C0074D986 /* CategoryList.swift in Sources */ = {isa = PBXBuildFile; fileRef = CD3E2E511E1F827C0074D986 /* CategoryList.swift */; };
		CD725BA01E26251E001649C5 /* VideoNewsCell.swift in Sources */ = {isa = PBXBuildFile; fileRef = CD725B9E1E26251E001649C5 /* VideoNewsCell.swift */; };
		CD725BA11E26251E001649C5 /* VideoNewsCell.xib in Resources */ = {isa = PBXBuildFile; fileRef = CD725B9F1E26251E001649C5 /* VideoNewsCell.xib */; };
		CD725BA31E263A65001649C5 /* NSURL+Extension.swift in Sources */ = {isa = PBXBuildFile; fileRef = CD725BA21E263A65001649C5 /* NSURL+Extension.swift */; };
		CD725BA51E2645D6001649C5 /* SingleImageNewsCell.swift in Sources */ = {isa = PBXBuildFile; fileRef = CD725BA41E2645D6001649C5 /* SingleImageNewsCell.swift */; };
		CD725BA71E2645F1001649C5 /* SingleImageNewsCell.xib in Resources */ = {isa = PBXBuildFile; fileRef = CD725BA61E2645F1001649C5 /* SingleImageNewsCell.xib */; };
		CD725BA91E273376001649C5 /* UITableView+Extension.swift in Sources */ = {isa = PBXBuildFile; fileRef = CD725BA81E273376001649C5 /* UITableView+Extension.swift */; };
		CD725BAB1E27355D001649C5 /* NewsCell.swift in Sources */ = {isa = PBXBuildFile; fileRef = CD725BAA1E27355D001649C5 /* NewsCell.swift */; };
		CD725BB21E2766B0001649C5 /* HomeVideoController.swift in Sources */ = {isa = PBXBuildFile; fileRef = CD725BB11E2766B0001649C5 /* HomeVideoController.swift */; };
		CD725BB51E277A03001649C5 /* CategoryTitleView.swift in Sources */ = {isa = PBXBuildFile; fileRef = CD725BB41E277A03001649C5 /* CategoryTitleView.swift */; };
		CD725BB71E2798A3001649C5 /* VideoCategoryTitle.swift in Sources */ = {isa = PBXBuildFile; fileRef = CD725BB61E2798A3001649C5 /* VideoCategoryTitle.swift */; };
		CD725BB91E2866A0001649C5 /* VideoCategoryTitleView.swift in Sources */ = {isa = PBXBuildFile; fileRef = CD725BB81E2866A0001649C5 /* VideoCategoryTitleView.swift */; };
		CD731BC81E1643150071A172 /* AppDelegate.swift in Sources */ = {isa = PBXBuildFile; fileRef = CD731BC71E1643150071A172 /* AppDelegate.swift */; };
		CD731BCA1E1643150071A172 /* ViewController.swift in Sources */ = {isa = PBXBuildFile; fileRef = CD731BC91E1643150071A172 /* ViewController.swift */; };
		CD731BCD1E1643150071A172 /* Main.storyboard in Resources */ = {isa = PBXBuildFile; fileRef = CD731BCB1E1643150071A172 /* Main.storyboard */; };
		CD731BD21E1643150071A172 /* LaunchScreen.storyboard in Resources */ = {isa = PBXBuildFile; fileRef = CD731BD01E1643150071A172 /* LaunchScreen.storyboard */; };
		CD731BDD1E1643150071A172 /* TodayNewsTestTests.swift in Sources */ = {isa = PBXBuildFile; fileRef = CD731BDC1E1643150071A172 /* TodayNewsTestTests.swift */; };
		CD731BE81E1643150071A172 /* TodayNewsTestUITests.swift in Sources */ = {isa = PBXBuildFile; fileRef = CD731BE71E1643150071A172 /* TodayNewsTestUITests.swift */; };
		CD731C021E16487C0071A172 /* YMFirstIntroduceController.swift in Sources */ = {isa = PBXBuildFile; fileRef = CD731C011E16487C0071A172 /* YMFirstIntroduceController.swift */; };
		CD731C081E164A5C0071A172 /* Assets.xcassets in Resources */ = {isa = PBXBuildFile; fileRef = CD731C071E164A5C0071A172 /* Assets.xcassets */; };
		CD731C0A1E1B3C590071A172 /* HomeViewController.swift in Sources */ = {isa = PBXBuildFile; fileRef = CD731C091E1B3C590071A172 /* HomeViewController.swift */; };
		CD731C111E1B3CE20071A172 /* MineViewController.swift in Sources */ = {isa = PBXBuildFile; fileRef = CD731C101E1B3CE20071A172 /* MineViewController.swift */; };
		CD731C131E1B3EB60071A172 /* TabBarController.swift in Sources */ = {isa = PBXBuildFile; fileRef = CD731C121E1B3EB60071A172 /* TabBarController.swift */; };
		CD761F871E1DE59900E770B2 /* UIVIew+Extension.swift in Sources */ = {isa = PBXBuildFile; fileRef = CD761F861E1DE59900E770B2 /* UIVIew+Extension.swift */; };
		CD761F891E1E0E3C00E770B2 /* NavigationController.swift in Sources */ = {isa = PBXBuildFile; fileRef = CD761F881E1E0E3C00E770B2 /* NavigationController.swift */; };
		CD761F8B1E1E1FD000E770B2 /* URLRequestConvertible.swift in Sources */ = {isa = PBXBuildFile; fileRef = CD761F8A1E1E1FD000E770B2 /* URLRequestConvertible.swift */; };
		CD91AC9E1E1B6F66002D7601 /* ConstValue.swift in Sources */ = {isa = PBXBuildFile; fileRef = CD91AC9D1E1B6F66002D7601 /* ConstValue.swift */; };
		CD91ACA01E1B72F1002D7601 /* UIColor+Extension.swift in Sources */ = {isa = PBXBuildFile; fileRef = CD91AC9F1E1B72F1002D7601 /* UIColor+Extension.swift */; };
		CD91ACA21E1B7C77002D7601 /* ScrollTitleView.swift in Sources */ = {isa = PBXBuildFile; fileRef = CD91ACA11E1B7C77002D7601 /* ScrollTitleView.swift */; };
		CD91ACA41E1B8738002D7601 /* HomeTopTitle.swift in Sources */ = {isa = PBXBuildFile; fileRef = CD91ACA31E1B8738002D7601 /* HomeTopTitle.swift */; };
		CD91ACA61E1BAD49002D7601 /* NetworkTools.swift in Sources */ = {isa = PBXBuildFile; fileRef = CD91ACA51E1BAD49002D7601 /* NetworkTools.swift */; };
		CDA7A6F51E24D53200ADFA76 /* NoImageNewsCell.swift in Sources */ = {isa = PBXBuildFile; fileRef = CDA7A6F31E24D53200ADFA76 /* NoImageNewsCell.swift */; };
		CDA7A6F61E24D53200ADFA76 /* NoImageNewsCell.xib in Resources */ = {isa = PBXBuildFile; fileRef = CDA7A6F41E24D53200ADFA76 /* NoImageNewsCell.xib */; };
		CDA7A6F81E24ED0B00ADFA76 /* TimeAgo.swift in Sources */ = {isa = PBXBuildFile; fileRef = CDA7A6F71E24ED0B00ADFA76 /* TimeAgo.swift */; };
		CDA7A6FA1E25DC7400ADFA76 /* ThreeImagesNewsCell.swift in Sources */ = {isa = PBXBuildFile; fileRef = CDA7A6F91E25DC7400ADFA76 /* ThreeImagesNewsCell.swift */; };
		CDA7A6FC1E25DCA100ADFA76 /* ThreeImagesNewsCell.xib in Resources */ = {isa = PBXBuildFile; fileRef = CDA7A6FB1E25DCA100ADFA76 /* ThreeImagesNewsCell.xib */; };
		CDDF039C1E1F7C52008B635E /* HomeCategoryListController.swift in Sources */ = {isa = PBXBuildFile; fileRef = CDDF039B1E1F7C52008B635E /* HomeCategoryListController.swift */; };
		DCD832091D93D59B31A8A30C /* Pods_TodayNewsTest.framework in Frameworks */ = {isa = PBXBuildFile; fileRef = BDA7DB4209D4949F7143D62C /* Pods_TodayNewsTest.framework */; };
/* End PBXBuildFile section */

/* Begin PBXContainerItemProxy section */
		CD731BD91E1643150071A172 /* PBXContainerItemProxy */ = {
			isa = PBXContainerItemProxy;
			containerPortal = CD731BBC1E1643150071A172 /* Project object */;
			proxyType = 1;
			remoteGlobalIDString = CD731BC31E1643150071A172;
			remoteInfo = TodayNewsTest;
		};
		CD731BE41E1643150071A172 /* PBXContainerItemProxy */ = {
			isa = PBXContainerItemProxy;
			containerPortal = CD731BBC1E1643150071A172 /* Project object */;
			proxyType = 1;
			remoteGlobalIDString = CD731BC31E1643150071A172;
			remoteInfo = TodayNewsTest;
		};
/* End PBXContainerItemProxy section */

/* Begin PBXFileReference section */
		1B16DAB240101AFA8E1EA5FB /* Pods-TodayNewsTest.debug.xcconfig */ = {isa = PBXFileReference; includeInIndex = 1; lastKnownFileType = text.xcconfig; name = "Pods-TodayNewsTest.debug.xcconfig"; path = "Pods/Target Support Files/Pods-TodayNewsTest/Pods-TodayNewsTest.debug.xcconfig"; sourceTree = "<group>"; };
		BDA7DB4209D4949F7143D62C /* Pods_TodayNewsTest.framework */ = {isa = PBXFileReference; explicitFileType = wrapper.framework; includeInIndex = 0; path = Pods_TodayNewsTest.framework; sourceTree = BUILT_PRODUCTS_DIR; };
		CD3E2E511E1F827C0074D986 /* CategoryList.swift */ = {isa = PBXFileReference; fileEncoding = 4; lastKnownFileType = sourcecode.swift; path = CategoryList.swift; sourceTree = "<group>"; };
		CD725B9E1E26251E001649C5 /* VideoNewsCell.swift */ = {isa = PBXFileReference; fileEncoding = 4; lastKnownFileType = sourcecode.swift; path = VideoNewsCell.swift; sourceTree = "<group>"; };
		CD725B9F1E26251E001649C5 /* VideoNewsCell.xib */ = {isa = PBXFileReference; fileEncoding = 4; lastKnownFileType = file.xib; path = VideoNewsCell.xib; sourceTree = "<group>"; };
		CD725BA21E263A65001649C5 /* NSURL+Extension.swift */ = {isa = PBXFileReference; fileEncoding = 4; lastKnownFileType = sourcecode.swift; path = "NSURL+Extension.swift"; sourceTree = "<group>"; };
		CD725BA41E2645D6001649C5 /* SingleImageNewsCell.swift */ = {isa = PBXFileReference; fileEncoding = 4; lastKnownFileType = sourcecode.swift; path = SingleImageNewsCell.swift; sourceTree = "<group>"; };
		CD725BA61E2645F1001649C5 /* SingleImageNewsCell.xib */ = {isa = PBXFileReference; fileEncoding = 4; lastKnownFileType = file.xib; path = SingleImageNewsCell.xib; sourceTree = "<group>"; };
		CD725BA81E273376001649C5 /* UITableView+Extension.swift */ = {isa = PBXFileReference; fileEncoding = 4; lastKnownFileType = sourcecode.swift; path = "UITableView+Extension.swift"; sourceTree = "<group>"; };
		CD725BAA1E27355D001649C5 /* NewsCell.swift */ = {isa = PBXFileReference; fileEncoding = 4; lastKnownFileType = sourcecode.swift; path = NewsCell.swift; sourceTree = "<group>"; };
		CD725BB11E2766B0001649C5 /* HomeVideoController.swift */ = {isa = PBXFileReference; fileEncoding = 4; lastKnownFileType = sourcecode.swift; path = HomeVideoController.swift; sourceTree = "<group>"; };
		CD725BB41E277A03001649C5 /* CategoryTitleView.swift */ = {isa = PBXFileReference; fileEncoding = 4; lastKnownFileType = sourcecode.swift; path = CategoryTitleView.swift; sourceTree = "<group>"; };
		CD725BB61E2798A3001649C5 /* VideoCategoryTitle.swift */ = {isa = PBXFileReference; fileEncoding = 4; lastKnownFileType = sourcecode.swift; path = VideoCategoryTitle.swift; sourceTree = "<group>"; };
		CD725BB81E2866A0001649C5 /* VideoCategoryTitleView.swift */ = {isa = PBXFileReference; fileEncoding = 4; lastKnownFileType = sourcecode.swift; path = VideoCategoryTitleView.swift; sourceTree = "<group>"; };
		CD731BC41E1643150071A172 /* TodayNewsTest.app */ = {isa = PBXFileReference; explicitFileType = wrapper.application; includeInIndex = 0; path = TodayNewsTest.app; sourceTree = BUILT_PRODUCTS_DIR; };
		CD731BC71E1643150071A172 /* AppDelegate.swift */ = {isa = PBXFileReference; lastKnownFileType = sourcecode.swift; path = AppDelegate.swift; sourceTree = "<group>"; };
		CD731BC91E1643150071A172 /* ViewController.swift */ = {isa = PBXFileReference; lastKnownFileType = sourcecode.swift; path = ViewController.swift; sourceTree = "<group>"; };
		CD731BCC1E1643150071A172 /* Base */ = {isa = PBXFileReference; lastKnownFileType = file.storyboard; name = Base; path = Base.lproj/Main.storyboard; sourceTree = "<group>"; };
		CD731BD11E1643150071A172 /* Base */ = {isa = PBXFileReference; lastKnownFileType = file.storyboard; name = Base; path = Base.lproj/LaunchScreen.storyboard; sourceTree = "<group>"; };
		CD731BD31E1643150071A172 /* Info.plist */ = {isa = PBXFileReference; lastKnownFileType = text.plist.xml; path = Info.plist; sourceTree = "<group>"; };
		CD731BD81E1643150071A172 /* TodayNewsTestTests.xctest */ = {isa = PBXFileReference; explicitFileType = wrapper.cfbundle; includeInIndex = 0; path = TodayNewsTestTests.xctest; sourceTree = BUILT_PRODUCTS_DIR; };
		CD731BDC1E1643150071A172 /* TodayNewsTestTests.swift */ = {isa = PBXFileReference; lastKnownFileType = sourcecode.swift; path = TodayNewsTestTests.swift; sourceTree = "<group>"; };
		CD731BDE1E1643150071A172 /* Info.plist */ = {isa = PBXFileReference; lastKnownFileType = text.plist.xml; path = Info.plist; sourceTree = "<group>"; };
		CD731BE31E1643150071A172 /* TodayNewsTestUITests.xctest */ = {isa = PBXFileReference; explicitFileType = wrapper.cfbundle; includeInIndex = 0; path = TodayNewsTestUITests.xctest; sourceTree = BUILT_PRODUCTS_DIR; };
		CD731BE71E1643150071A172 /* TodayNewsTestUITests.swift */ = {isa = PBXFileReference; lastKnownFileType = sourcecode.swift; path = TodayNewsTestUITests.swift; sourceTree = "<group>"; };
		CD731BE91E1643150071A172 /* Info.plist */ = {isa = PBXFileReference; lastKnownFileType = text.plist.xml; path = Info.plist; sourceTree = "<group>"; };
		CD731C011E16487C0071A172 /* YMFirstIntroduceController.swift */ = {isa = PBXFileReference; fileEncoding = 4; lastKnownFileType = sourcecode.swift; path = YMFirstIntroduceController.swift; sourceTree = "<group>"; };
		CD731C071E164A5C0071A172 /* Assets.xcassets */ = {isa = PBXFileReference; lastKnownFileType = folder.assetcatalog; path = Assets.xcassets; sourceTree = "<group>"; };
		CD731C091E1B3C590071A172 /* HomeViewController.swift */ = {isa = PBXFileReference; fileEncoding = 4; lastKnownFileType = sourcecode.swift; path = HomeViewController.swift; sourceTree = "<group>"; };
		CD731C101E1B3CE20071A172 /* MineViewController.swift */ = {isa = PBXFileReference; fileEncoding = 4; lastKnownFileType = sourcecode.swift; path = MineViewController.swift; sourceTree = "<group>"; };
		CD731C121E1B3EB60071A172 /* TabBarController.swift */ = {isa = PBXFileReference; fileEncoding = 4; lastKnownFileType = sourcecode.swift; path = TabBarController.swift; sourceTree = "<group>"; };
		CD761F861E1DE59900E770B2 /* UIVIew+Extension.swift */ = {isa = PBXFileReference; fileEncoding = 4; lastKnownFileType = sourcecode.swift; path = "UIVIew+Extension.swift"; sourceTree = "<group>"; };
		CD761F881E1E0E3C00E770B2 /* NavigationController.swift */ = {isa = PBXFileReference; fileEncoding = 4; lastKnownFileType = sourcecode.swift; path = NavigationController.swift; sourceTree = "<group>"; };
		CD761F8A1E1E1FD000E770B2 /* URLRequestConvertible.swift */ = {isa = PBXFileReference; fileEncoding = 4; lastKnownFileType = sourcecode.swift; path = URLRequestConvertible.swift; sourceTree = "<group>"; };
		CD91AC9D1E1B6F66002D7601 /* ConstValue.swift */ = {isa = PBXFileReference; fileEncoding = 4; lastKnownFileType = sourcecode.swift; path = ConstValue.swift; sourceTree = "<group>"; };
		CD91AC9F1E1B72F1002D7601 /* UIColor+Extension.swift */ = {isa = PBXFileReference; fileEncoding = 4; lastKnownFileType = sourcecode.swift; name = "UIColor+Extension.swift"; path = "../UIColor+Extension.swift"; sourceTree = "<group>"; };
		CD91ACA11E1B7C77002D7601 /* ScrollTitleView.swift */ = {isa = PBXFileReference; fileEncoding = 4; lastKnownFileType = sourcecode.swift; path = ScrollTitleView.swift; sourceTree = "<group>"; };
		CD91ACA31E1B8738002D7601 /* HomeTopTitle.swift */ = {isa = PBXFileReference; fileEncoding = 4; lastKnownFileType = sourcecode.swift; path = HomeTopTitle.swift; sourceTree = "<group>"; };
		CD91ACA51E1BAD49002D7601 /* NetworkTools.swift */ = {isa = PBXFileReference; fileEncoding = 4; lastKnownFileType = sourcecode.swift; path = NetworkTools.swift; sourceTree = "<group>"; };
		CDA7A6F31E24D53200ADFA76 /* NoImageNewsCell.swift */ = {isa = PBXFileReference; fileEncoding = 4; lastKnownFileType = sourcecode.swift; path = NoImageNewsCell.swift; sourceTree = "<group>"; };
		CDA7A6F41E24D53200ADFA76 /* NoImageNewsCell.xib */ = {isa = PBXFileReference; fileEncoding = 4; lastKnownFileType = file.xib; path = NoImageNewsCell.xib; sourceTree = "<group>"; };
		CDA7A6F71E24ED0B00ADFA76 /* TimeAgo.swift */ = {isa = PBXFileReference; fileEncoding = 4; lastKnownFileType = sourcecode.swift; path = TimeAgo.swift; sourceTree = "<group>"; };
		CDA7A6F91E25DC7400ADFA76 /* ThreeImagesNewsCell.swift */ = {isa = PBXFileReference; fileEncoding = 4; lastKnownFileType = sourcecode.swift; path = ThreeImagesNewsCell.swift; sourceTree = "<group>"; };
		CDA7A6FB1E25DCA100ADFA76 /* ThreeImagesNewsCell.xib */ = {isa = PBXFileReference; fileEncoding = 4; lastKnownFileType = file.xib; path = ThreeImagesNewsCell.xib; sourceTree = "<group>"; };
		CDDF039B1E1F7C52008B635E /* HomeCategoryListController.swift */ = {isa = PBXFileReference; fileEncoding = 4; lastKnownFileType = sourcecode.swift; path = HomeCategoryListController.swift; sourceTree = "<group>"; };
		FA64EAE5B9D3211AC93B2323 /* Pods-TodayNewsTest.release.xcconfig */ = {isa = PBXFileReference; includeInIndex = 1; lastKnownFileType = text.xcconfig; name = "Pods-TodayNewsTest.release.xcconfig"; path = "Pods/Target Support Files/Pods-TodayNewsTest/Pods-TodayNewsTest.release.xcconfig"; sourceTree = "<group>"; };
/* End PBXFileReference section */

/* Begin PBXFrameworksBuildPhase section */
		CD731BC11E1643150071A172 /* Frameworks */ = {
			isa = PBXFrameworksBuildPhase;
			buildActionMask = 2147483647;
			files = (
				DCD832091D93D59B31A8A30C /* Pods_TodayNewsTest.framework in Frameworks */,
			);
			runOnlyForDeploymentPostprocessing = 0;
		};
		CD731BD51E1643150071A172 /* Frameworks */ = {
			isa = PBXFrameworksBuildPhase;
			buildActionMask = 2147483647;
			files = (
			);
			runOnlyForDeploymentPostprocessing = 0;
		};
		CD731BE01E1643150071A172 /* Frameworks */ = {
			isa = PBXFrameworksBuildPhase;
			buildActionMask = 2147483647;
			files = (
			);
			runOnlyForDeploymentPostprocessing = 0;
		};
/* End PBXFrameworksBuildPhase section */

/* Begin PBXGroup section */
		7EEB67EA455923C8CCB45B18 /* Frameworks */ = {
			isa = PBXGroup;
			children = (
				BDA7DB4209D4949F7143D62C /* Pods_TodayNewsTest.framework */,
			);
			name = Frameworks;
			sourceTree = "<group>";
		};
		A48E2FD28FF75152C0631068 /* Pods */ = {
			isa = PBXGroup;
			children = (
				1B16DAB240101AFA8E1EA5FB /* Pods-TodayNewsTest.debug.xcconfig */,
				FA64EAE5B9D3211AC93B2323 /* Pods-TodayNewsTest.release.xcconfig */,
			);
			name = Pods;
			sourceTree = "<group>";
		};
		CD725BAC1E276672001649C5 /* Video */ = {
			isa = PBXGroup;
			children = (
				CD725BAD1E276672001649C5 /* Controller */,
				CD725BAE1E276672001649C5 /* Model */,
				CD725BAF1E276672001649C5 /* View */,
			);
			path = Video;
			sourceTree = "<group>";
		};
		CD725BAD1E276672001649C5 /* Controller */ = {
			isa = PBXGroup;
			children = (
				CD725BB11E2766B0001649C5 /* HomeVideoController.swift */,
			);
			path = Controller;
			sourceTree = "<group>";
		};
		CD725BAE1E276672001649C5 /* Model */ = {
			isa = PBXGroup;
			children = (
				CD725BB61E2798A3001649C5 /* VideoCategoryTitle.swift */,
			);
			path = Model;
			sourceTree = "<group>";
		};
		CD725BAF1E276672001649C5 /* View */ = {
			isa = PBXGroup;
			children = (
				CD725BB01E276672001649C5 /* Cell */,
				CD725BB81E2866A0001649C5 /* VideoCategoryTitleView.swift */,
			);
			path = View;
			sourceTree = "<group>";
		};
		CD725BB01E276672001649C5 /* Cell */ = {
			isa = PBXGroup;
			children = (
			);
			path = Cell;
			sourceTree = "<group>";
		};
		CD725BB31E2779DC001649C5 /* View */ = {
			isa = PBXGroup;
			children = (
				CD725BB41E277A03001649C5 /* CategoryTitleView.swift */,
			);
			path = View;
			sourceTree = "<group>";
		};
		CD731BBB1E1643140071A172 = {
			isa = PBXGroup;
			children = (
				CD731C071E164A5C0071A172 /* Assets.xcassets */,
				CD731BC61E1643150071A172 /* TodayNewsTest */,
				CD731BDB1E1643150071A172 /* TodayNewsTestTests */,
				CD731BE61E1643150071A172 /* TodayNewsTestUITests */,
				CD731BC51E1643150071A172 /* Products */,
				A48E2FD28FF75152C0631068 /* Pods */,
				7EEB67EA455923C8CCB45B18 /* Frameworks */,
			);
			sourceTree = "<group>";
		};
		CD731BC51E1643150071A172 /* Products */ = {
			isa = PBXGroup;
			children = (
				CD731BC41E1643150071A172 /* TodayNewsTest.app */,
				CD731BD81E1643150071A172 /* TodayNewsTestTests.xctest */,
				CD731BE31E1643150071A172 /* TodayNewsTestUITests.xctest */,
			);
			name = Products;
			sourceTree = "<group>";
		};
		CD731BC61E1643150071A172 /* TodayNewsTest */ = {
			isa = PBXGroup;
			children = (
				CD725BAC1E276672001649C5 /* Video */,
				CD731C0C1E1B3CD40071A172 /* Mine */,
				CD731C031E1648AD0071A172 /* Main */,
				CD731BFD1E16476D0071A172 /* Login */,
				CD731BF51E1644590071A172 /* Home */,
				CD731BC71E1643150071A172 /* AppDelegate.swift */,
				CD731BC91E1643150071A172 /* ViewController.swift */,
				CD731BCB1E1643150071A172 /* Main.storyboard */,
				CD731BD01E1643150071A172 /* LaunchScreen.storyboard */,
				CD731BD31E1643150071A172 /* Info.plist */,
			);
			path = TodayNewsTest;
			sourceTree = "<group>";
		};
		CD731BDB1E1643150071A172 /* TodayNewsTestTests */ = {
			isa = PBXGroup;
			children = (
				CD731BDC1E1643150071A172 /* TodayNewsTestTests.swift */,
				CD731BDE1E1643150071A172 /* Info.plist */,
			);
			path = TodayNewsTestTests;
			sourceTree = "<group>";
		};
		CD731BE61E1643150071A172 /* TodayNewsTestUITests */ = {
			isa = PBXGroup;
			children = (
				CD731BE71E1643150071A172 /* TodayNewsTestUITests.swift */,
				CD731BE91E1643150071A172 /* Info.plist */,
			);
			path = TodayNewsTestUITests;
			sourceTree = "<group>";
		};
		CD731BF51E1644590071A172 /* Home */ = {
			isa = PBXGroup;
			children = (
				CD731BF61E1644590071A172 /* Controller */,
				CD731BF71E1644590071A172 /* Model */,
				CD731BF81E1644590071A172 /* View */,
			);
			path = Home;
			sourceTree = "<group>";
		};
		CD731BF61E1644590071A172 /* Controller */ = {
			isa = PBXGroup;
			children = (
				CD731C091E1B3C590071A172 /* HomeViewController.swift */,
				CDDF039B1E1F7C52008B635E /* HomeCategoryListController.swift */,
			);
			path = Controller;
			sourceTree = "<group>";
		};
		CD731BF71E1644590071A172 /* Model */ = {
			isa = PBXGroup;
			children = (
				CD91ACA31E1B8738002D7601 /* HomeTopTitle.swift */,
				CD3E2E511E1F827C0074D986 /* CategoryList.swift */,
			);
			path = Model;
			sourceTree = "<group>";
		};
		CD731BF81E1644590071A172 /* View */ = {
			isa = PBXGroup;
			children = (
				CDA7A6F21E24D4EE00ADFA76 /* RecommendCell */,
				CD91ACA11E1B7C77002D7601 /* ScrollTitleView.swift */,
			);
			path = View;
			sourceTree = "<group>";
		};
		CD731BFD1E16476D0071A172 /* Login */ = {
			isa = PBXGroup;
			children = (
				CD731BFE1E16476D0071A172 /* Controller */,
				CD731BFF1E16476D0071A172 /* Model */,
				CD731C001E16476D0071A172 /* View */,
			);
			path = Login;
			sourceTree = "<group>";
		};
		CD731BFE1E16476D0071A172 /* Controller */ = {
			isa = PBXGroup;
			children = (
				CD731C011E16487C0071A172 /* YMFirstIntroduceController.swift */,
			);
			path = Controller;
			sourceTree = "<group>";
		};
		CD731BFF1E16476D0071A172 /* Model */ = {
			isa = PBXGroup;
			children = (
			);
			path = Model;
			sourceTree = "<group>";
		};
		CD731C001E16476D0071A172 /* View */ = {
			isa = PBXGroup;
			children = (
			);
			path = View;
			sourceTree = "<group>";
		};
		CD731C031E1648AD0071A172 /* Main */ = {
			isa = PBXGroup;
			children = (
				CD725BB31E2779DC001649C5 /* View */,
				CD91AC9C1E1B6F36002D7601 /* Tools */,
				CD731C041E1648AD0071A172 /* Controller */,
			);
			path = Main;
			sourceTree = "<group>";
		};
		CD731C041E1648AD0071A172 /* Controller */ = {
			isa = PBXGroup;
			children = (
				CD731C121E1B3EB60071A172 /* TabBarController.swift */,
				CD761F881E1E0E3C00E770B2 /* NavigationController.swift */,
			);
			path = Controller;
			sourceTree = "<group>";
		};
		CD731C0C1E1B3CD40071A172 /* Mine */ = {
			isa = PBXGroup;
			children = (
				CD731C0D1E1B3CD40071A172 /* Controller */,
				CD731C0E1E1B3CD40071A172 /* Model */,
				CD731C0F1E1B3CD40071A172 /* View */,
			);
			path = Mine;
			sourceTree = "<group>";
		};
		CD731C0D1E1B3CD40071A172 /* Controller */ = {
			isa = PBXGroup;
			children = (
				CD731C101E1B3CE20071A172 /* MineViewController.swift */,
			);
			path = Controller;
			sourceTree = "<group>";
		};
		CD731C0E1E1B3CD40071A172 /* Model */ = {
			isa = PBXGroup;
			children = (
			);
			path = Model;
			sourceTree = "<group>";
		};
		CD731C0F1E1B3CD40071A172 /* View */ = {
			isa = PBXGroup;
			children = (
			);
			path = View;
			sourceTree = "<group>";
		};
		CD761F851E1DE52200E770B2 /* Extensions */ = {
			isa = PBXGroup;
			children = (
				CD91AC9F1E1B72F1002D7601 /* UIColor+Extension.swift */,
				CD761F861E1DE59900E770B2 /* UIVIew+Extension.swift */,
				CD725BA21E263A65001649C5 /* NSURL+Extension.swift */,
				CD725BA81E273376001649C5 /* UITableView+Extension.swift */,
			);
			path = Extensions;
			sourceTree = "<group>";
		};
		CD91AC9C1E1B6F36002D7601 /* Tools */ = {
			isa = PBXGroup;
			children = (
				CD761F851E1DE52200E770B2 /* Extensions */,
				CD91AC9D1E1B6F66002D7601 /* ConstValue.swift */,
				CD91ACA51E1BAD49002D7601 /* NetworkTools.swift */,
				CD761F8A1E1E1FD000E770B2 /* URLRequestConvertible.swift */,
				CDA7A6F71E24ED0B00ADFA76 /* TimeAgo.swift */,
			);
			path = Tools;
			sourceTree = "<group>";
		};
		CDA7A6F21E24D4EE00ADFA76 /* RecommendCell */ = {
			isa = PBXGroup;
			children = (
				CD725BAA1E27355D001649C5 /* NewsCell.swift */,
				CDA7A6F31E24D53200ADFA76 /* NoImageNewsCell.swift */,
				CDA7A6F41E24D53200ADFA76 /* NoImageNewsCell.xib */,
				CDA7A6F91E25DC7400ADFA76 /* ThreeImagesNewsCell.swift */,
				CDA7A6FB1E25DCA100ADFA76 /* ThreeImagesNewsCell.xib */,
				CD725B9E1E26251E001649C5 /* VideoNewsCell.swift */,
				CD725B9F1E26251E001649C5 /* VideoNewsCell.xib */,
				CD725BA41E2645D6001649C5 /* SingleImageNewsCell.swift */,
				CD725BA61E2645F1001649C5 /* SingleImageNewsCell.xib */,
			);
			name = RecommendCell;
			sourceTree = "<group>";
		};
/* End PBXGroup section */

/* Begin PBXNativeTarget section */
		CD731BC31E1643150071A172 /* TodayNewsTest */ = {
			isa = PBXNativeTarget;
			buildConfigurationList = CD731BEC1E1643150071A172 /* Build configuration list for PBXNativeTarget "TodayNewsTest" */;
			buildPhases = (
				8EF9ADAF719B65DA76DDEEE8 /* Check Pods Manifest.lock */,
				CD731BC01E1643150071A172 /* Sources */,
				CD731BC11E1643150071A172 /* Frameworks */,
				CD731BC21E1643150071A172 /* Resources */,
				4DE1D8392F9157BBAFB50E52 /* Embed Pods Frameworks */,
				76608FD63863B2F49A49F934 /* Copy Pods Resources */,
			);
			buildRules = (
			);
			dependencies = (
			);
			name = TodayNewsTest;
			productName = TodayNewsTest;
			productReference = CD731BC41E1643150071A172 /* TodayNewsTest.app */;
			productType = "com.apple.product-type.application";
		};
		CD731BD71E1643150071A172 /* TodayNewsTestTests */ = {
			isa = PBXNativeTarget;
			buildConfigurationList = CD731BEF1E1643150071A172 /* Build configuration list for PBXNativeTarget "TodayNewsTestTests" */;
			buildPhases = (
				CD731BD41E1643150071A172 /* Sources */,
				CD731BD51E1643150071A172 /* Frameworks */,
				CD731BD61E1643150071A172 /* Resources */,
			);
			buildRules = (
			);
			dependencies = (
				CD731BDA1E1643150071A172 /* PBXTargetDependency */,
			);
			name = TodayNewsTestTests;
			productName = TodayNewsTestTests;
			productReference = CD731BD81E1643150071A172 /* TodayNewsTestTests.xctest */;
			productType = "com.apple.product-type.bundle.unit-test";
		};
		CD731BE21E1643150071A172 /* TodayNewsTestUITests */ = {
			isa = PBXNativeTarget;
			buildConfigurationList = CD731BF21E1643150071A172 /* Build configuration list for PBXNativeTarget "TodayNewsTestUITests" */;
			buildPhases = (
				CD731BDF1E1643150071A172 /* Sources */,
				CD731BE01E1643150071A172 /* Frameworks */,
				CD731BE11E1643150071A172 /* Resources */,
			);
			buildRules = (
			);
			dependencies = (
				CD731BE51E1643150071A172 /* PBXTargetDependency */,
			);
			name = TodayNewsTestUITests;
			productName = TodayNewsTestUITests;
			productReference = CD731BE31E1643150071A172 /* TodayNewsTestUITests.xctest */;
			productType = "com.apple.product-type.bundle.ui-testing";
		};
/* End PBXNativeTarget section */

/* Begin PBXProject section */
		CD731BBC1E1643150071A172 /* Project object */ = {
			isa = PBXProject;
			attributes = {
				LastSwiftUpdateCheck = 0730;
				LastUpgradeCheck = 0730;
				ORGANIZATIONNAME = Lyy;
				TargetAttributes = {
					CD731BC31E1643150071A172 = {
						CreatedOnToolsVersion = 7.3;
					};
					CD731BD71E1643150071A172 = {
						CreatedOnToolsVersion = 7.3;
						TestTargetID = CD731BC31E1643150071A172;
					};
					CD731BE21E1643150071A172 = {
						CreatedOnToolsVersion = 7.3;
						TestTargetID = CD731BC31E1643150071A172;
					};
				};
			};
			buildConfigurationList = CD731BBF1E1643150071A172 /* Build configuration list for PBXProject "TodayNewsTest" */;
			compatibilityVersion = "Xcode 3.2";
			developmentRegion = English;
			hasScannedForEncodings = 0;
			knownRegions = (
				en,
				Base,
			);
			mainGroup = CD731BBB1E1643140071A172;
			productRefGroup = CD731BC51E1643150071A172 /* Products */;
			projectDirPath = "";
			projectRoot = "";
			targets = (
				CD731BC31E1643150071A172 /* TodayNewsTest */,
				CD731BD71E1643150071A172 /* TodayNewsTestTests */,
				CD731BE21E1643150071A172 /* TodayNewsTestUITests */,
			);
		};
/* End PBXProject section */

/* Begin PBXResourcesBuildPhase section */
		CD731BC21E1643150071A172 /* Resources */ = {
			isa = PBXResourcesBuildPhase;
			buildActionMask = 2147483647;
			files = (
				CD725BA71E2645F1001649C5 /* SingleImageNewsCell.xib in Resources */,
				CDA7A6F61E24D53200ADFA76 /* NoImageNewsCell.xib in Resources */,
				CDA7A6FC1E25DCA100ADFA76 /* ThreeImagesNewsCell.xib in Resources */,
				CD725BA11E26251E001649C5 /* VideoNewsCell.xib in Resources */,
				CD731BD21E1643150071A172 /* LaunchScreen.storyboard in Resources */,
				CD731C081E164A5C0071A172 /* Assets.xcassets in Resources */,
				CD731BCD1E1643150071A172 /* Main.storyboard in Resources */,
			);
			runOnlyForDeploymentPostprocessing = 0;
		};
		CD731BD61E1643150071A172 /* Resources */ = {
			isa = PBXResourcesBuildPhase;
			buildActionMask = 2147483647;
			files = (
			);
			runOnlyForDeploymentPostprocessing = 0;
		};
		CD731BE11E1643150071A172 /* Resources */ = {
			isa = PBXResourcesBuildPhase;
			buildActionMask = 2147483647;
			files = (
			);
			runOnlyForDeploymentPostprocessing = 0;
		};
/* End PBXResourcesBuildPhase section */

/* Begin PBXShellScriptBuildPhase section */
		4DE1D8392F9157BBAFB50E52 /* Embed Pods Frameworks */ = {
			isa = PBXShellScriptBuildPhase;
			buildActionMask = 2147483647;
			files = (
			);
			inputPaths = (
			);
			name = "Embed Pods Frameworks";
			outputPaths = (
			);
			runOnlyForDeploymentPostprocessing = 0;
			shellPath = /bin/sh;
			shellScript = "\"${SRCROOT}/Pods/Target Support Files/Pods-TodayNewsTest/Pods-TodayNewsTest-frameworks.sh\"\n";
			showEnvVarsInLog = 0;
		};
		76608FD63863B2F49A49F934 /* Copy Pods Resources */ = {
			isa = PBXShellScriptBuildPhase;
			buildActionMask = 2147483647;
			files = (
			);
			inputPaths = (
			);
			name = "Copy Pods Resources";
			outputPaths = (
			);
			runOnlyForDeploymentPostprocessing = 0;
			shellPath = /bin/sh;
			shellScript = "\"${SRCROOT}/Pods/Target Support Files/Pods-TodayNewsTest/Pods-TodayNewsTest-resources.sh\"\n";
			showEnvVarsInLog = 0;
		};
		8EF9ADAF719B65DA76DDEEE8 /* Check Pods Manifest.lock */ = {
			isa = PBXShellScriptBuildPhase;
			buildActionMask = 2147483647;
			files = (
			);
			inputPaths = (
			);
			name = "Check Pods Manifest.lock";
			outputPaths = (
			);
			runOnlyForDeploymentPostprocessing = 0;
			shellPath = /bin/sh;
			shellScript = "diff \"${PODS_ROOT}/../Podfile.lock\" \"${PODS_ROOT}/Manifest.lock\" > /dev/null\nif [[ $? != 0 ]] ; then\n    cat << EOM\nerror: The sandbox is not in sync with the Podfile.lock. Run 'pod install' or update your CocoaPods installation.\nEOM\n    exit 1\nfi\n";
			showEnvVarsInLog = 0;
		};
/* End PBXShellScriptBuildPhase section */

/* Begin PBXSourcesBuildPhase section */
		CD731BC01E1643150071A172 /* Sources */ = {
			isa = PBXSourcesBuildPhase;
			buildActionMask = 2147483647;
			files = (
				CD731C0A1E1B3C590071A172 /* HomeViewController.swift in Sources */,
				CD725BB91E2866A0001649C5 /* VideoCategoryTitleView.swift in Sources */,
				CD725BB51E277A03001649C5 /* CategoryTitleView.swift in Sources */,
				CD91ACA61E1BAD49002D7601 /* NetworkTools.swift in Sources */,
				CD761F871E1DE59900E770B2 /* UIVIew+Extension.swift in Sources */,
				CD91AC9E1E1B6F66002D7601 /* ConstValue.swift in Sources */,
				CDA7A6FA1E25DC7400ADFA76 /* ThreeImagesNewsCell.swift in Sources */,
				CD731C021E16487C0071A172 /* YMFirstIntroduceController.swift in Sources */,
				CD91ACA01E1B72F1002D7601 /* UIColor+Extension.swift in Sources */,
				CD731BCA1E1643150071A172 /* ViewController.swift in Sources */,
				CDA7A6F81E24ED0B00ADFA76 /* TimeAgo.swift in Sources */,
				CD725BA31E263A65001649C5 /* NSURL+Extension.swift in Sources */,
				CD3E2E521E1F827C0074D986 /* CategoryList.swift in Sources */,
				CD725BA01E26251E001649C5 /* VideoNewsCell.swift in Sources */,
				CD761F8B1E1E1FD000E770B2 /* URLRequestConvertible.swift in Sources */,
				CD91ACA41E1B8738002D7601 /* HomeTopTitle.swift in Sources */,
				CD761F891E1E0E3C00E770B2 /* NavigationController.swift in Sources */,
				CD91ACA21E1B7C77002D7601 /* ScrollTitleView.swift in Sources */,
				CDA7A6F51E24D53200ADFA76 /* NoImageNewsCell.swift in Sources */,
				CD725BA91E273376001649C5 /* UITableView+Extension.swift in Sources */,
				CD731C131E1B3EB60071A172 /* TabBarController.swift in Sources */,
				CD725BA51E2645D6001649C5 /* SingleImageNewsCell.swift in Sources */,
				CDDF039C1E1F7C52008B635E /* HomeCategoryListController.swift in Sources */,
				CD731BC81E1643150071A172 /* AppDelegate.swift in Sources */,
				CD725BB21E2766B0001649C5 /* HomeVideoController.swift in Sources */,
				CD725BAB1E27355D001649C5 /* NewsCell.swift in Sources */,
				CD731C111E1B3CE20071A172 /* MineViewController.swift in Sources */,
				CD725BB71E2798A3001649C5 /* VideoCategoryTitle.swift in Sources */,
			);
			runOnlyForDeploymentPostprocessing = 0;
		};
		CD731BD41E1643150071A172 /* Sources */ = {
			isa = PBXSourcesBuildPhase;
			buildActionMask = 2147483647;
			files = (
				CD731BDD1E1643150071A172 /* TodayNewsTestTests.swift in Sources */,
			);
			runOnlyForDeploymentPostprocessing = 0;
		};
		CD731BDF1E1643150071A172 /* Sources */ = {
			isa = PBXSourcesBuildPhase;
			buildActionMask = 2147483647;
			files = (
				CD731BE81E1643150071A172 /* TodayNewsTestUITests.swift in Sources */,
			);
			runOnlyForDeploymentPostprocessing = 0;
		};
/* End PBXSourcesBuildPhase section */

/* Begin PBXTargetDependency section */
		CD731BDA1E1643150071A172 /* PBXTargetDependency */ = {
			isa = PBXTargetDependency;
			target = CD731BC31E1643150071A172 /* TodayNewsTest */;
			targetProxy = CD731BD91E1643150071A172 /* PBXContainerItemProxy */;
		};
		CD731BE51E1643150071A172 /* PBXTargetDependency */ = {
			isa = PBXTargetDependency;
			target = CD731BC31E1643150071A172 /* TodayNewsTest */;
			targetProxy = CD731BE41E1643150071A172 /* PBXContainerItemProxy */;
		};
/* End PBXTargetDependency section */

/* Begin PBXVariantGroup section */
		CD731BCB1E1643150071A172 /* Main.storyboard */ = {
			isa = PBXVariantGroup;
			children = (
				CD731BCC1E1643150071A172 /* Base */,
			);
			name = Main.storyboard;
			sourceTree = "<group>";
		};
		CD731BD01E1643150071A172 /* LaunchScreen.storyboard */ = {
			isa = PBXVariantGroup;
			children = (
				CD731BD11E1643150071A172 /* Base */,
			);
			name = LaunchScreen.storyboard;
			sourceTree = "<group>";
		};
/* End PBXVariantGroup section */

/* Begin XCBuildConfiguration section */
		CD731BEA1E1643150071A172 /* Debug */ = {
			isa = XCBuildConfiguration;
			buildSettings = {
				ALWAYS_SEARCH_USER_PATHS = NO;
				CLANG_ANALYZER_NONNULL = YES;
				CLANG_CXX_LANGUAGE_STANDARD = "gnu++0x";
				CLANG_CXX_LIBRARY = "libc++";
				CLANG_ENABLE_MODULES = YES;
				CLANG_ENABLE_OBJC_ARC = YES;
				CLANG_WARN_BOOL_CONVERSION = YES;
				CLANG_WARN_CONSTANT_CONVERSION = YES;
				CLANG_WARN_DIRECT_OBJC_ISA_USAGE = YES_ERROR;
				CLANG_WARN_EMPTY_BODY = YES;
				CLANG_WARN_ENUM_CONVERSION = YES;
				CLANG_WARN_INT_CONVERSION = YES;
				CLANG_WARN_OBJC_ROOT_CLASS = YES_ERROR;
				CLANG_WARN_UNREACHABLE_CODE = YES;
				CLANG_WARN__DUPLICATE_METHOD_MATCH = YES;
				"CODE_SIGN_IDENTITY[sdk=iphoneos*]" = "iPhone Developer";
				COPY_PHASE_STRIP = NO;
				DEBUG_INFORMATION_FORMAT = dwarf;
				ENABLE_STRICT_OBJC_MSGSEND = YES;
				ENABLE_TESTABILITY = YES;
				GCC_C_LANGUAGE_STANDARD = gnu99;
				GCC_DYNAMIC_NO_PIC = NO;
				GCC_NO_COMMON_BLOCKS = YES;
				GCC_OPTIMIZATION_LEVEL = 0;
				GCC_PREPROCESSOR_DEFINITIONS = (
					"DEBUG=1",
					"$(inherited)",
				);
				GCC_WARN_64_TO_32_BIT_CONVERSION = YES;
				GCC_WARN_ABOUT_RETURN_TYPE = YES_ERROR;
				GCC_WARN_UNDECLARED_SELECTOR = YES;
				GCC_WARN_UNINITIALIZED_AUTOS = YES_AGGRESSIVE;
				GCC_WARN_UNUSED_FUNCTION = YES;
				GCC_WARN_UNUSED_VARIABLE = YES;
				IPHONEOS_DEPLOYMENT_TARGET = 9.3;
				MTL_ENABLE_DEBUG_INFO = YES;
				ONLY_ACTIVE_ARCH = YES;
				SDKROOT = iphoneos;
				SWIFT_OPTIMIZATION_LEVEL = "-Onone";
			};
			name = Debug;
		};
		CD731BEB1E1643150071A172 /* Release */ = {
			isa = XCBuildConfiguration;
			buildSettings = {
				ALWAYS_SEARCH_USER_PATHS = NO;
				CLANG_ANALYZER_NONNULL = YES;
				CLANG_CXX_LANGUAGE_STANDARD = "gnu++0x";
				CLANG_CXX_LIBRARY = "libc++";
				CLANG_ENABLE_MODULES = YES;
				CLANG_ENABLE_OBJC_ARC = YES;
				CLANG_WARN_BOOL_CONVERSION = YES;
				CLANG_WARN_CONSTANT_CONVERSION = YES;
				CLANG_WARN_DIRECT_OBJC_ISA_USAGE = YES_ERROR;
				CLANG_WARN_EMPTY_BODY = YES;
				CLANG_WARN_ENUM_CONVERSION = YES;
				CLANG_WARN_INT_CONVERSION = YES;
				CLANG_WARN_OBJC_ROOT_CLASS = YES_ERROR;
				CLANG_WARN_UNREACHABLE_CODE = YES;
				CLANG_WARN__DUPLICATE_METHOD_MATCH = YES;
				"CODE_SIGN_IDENTITY[sdk=iphoneos*]" = "iPhone Developer";
				COPY_PHASE_STRIP = NO;
				DEBUG_INFORMATION_FORMAT = "dwarf-with-dsym";
				ENABLE_NS_ASSERTIONS = NO;
				ENABLE_STRICT_OBJC_MSGSEND = YES;
				GCC_C_LANGUAGE_STANDARD = gnu99;
				GCC_NO_COMMON_BLOCKS = YES;
				GCC_WARN_64_TO_32_BIT_CONVERSION = YES;
				GCC_WARN_ABOUT_RETURN_TYPE = YES_ERROR;
				GCC_WARN_UNDECLARED_SELECTOR = YES;
				GCC_WARN_UNINITIALIZED_AUTOS = YES_AGGRESSIVE;
				GCC_WARN_UNUSED_FUNCTION = YES;
				GCC_WARN_UNUSED_VARIABLE = YES;
				IPHONEOS_DEPLOYMENT_TARGET = 9.3;
				MTL_ENABLE_DEBUG_INFO = NO;
				SDKROOT = iphoneos;
				VALIDATE_PRODUCT = YES;
			};
			name = Release;
		};
		CD731BED1E1643150071A172 /* Debug */ = {
			isa = XCBuildConfiguration;
			baseConfigurationReference = 1B16DAB240101AFA8E1EA5FB /* Pods-TodayNewsTest.debug.xcconfig */;
			buildSettings = {
				ALWAYS_SEARCH_USER_PATHS = NO;
				ASSETCATALOG_COMPILER_APPICON_NAME = AppIcon;
				INFOPLIST_FILE = TodayNewsTest/Info.plist;
				IPHONEOS_DEPLOYMENT_TARGET = 8.0;
				LD_RUNPATH_SEARCH_PATHS = "$(inherited) @executable_path/Frameworks";
				PRODUCT_BUNDLE_IDENTIFIER = com.Lyy.TodayNewsTest;
				PRODUCT_NAME = "$(TARGET_NAME)";
			};
			name = Debug;
		};
		CD731BEE1E1643150071A172 /* Release */ = {
			isa = XCBuildConfiguration;
			baseConfigurationReference = FA64EAE5B9D3211AC93B2323 /* Pods-TodayNewsTest.release.xcconfig */;
			buildSettings = {
				ALWAYS_SEARCH_USER_PATHS = NO;
				ASSETCATALOG_COMPILER_APPICON_NAME = AppIcon;
				INFOPLIST_FILE = TodayNewsTest/Info.plist;
				IPHONEOS_DEPLOYMENT_TARGET = 8.0;
				LD_RUNPATH_SEARCH_PATHS = "$(inherited) @executable_path/Frameworks";
				PRODUCT_BUNDLE_IDENTIFIER = com.Lyy.TodayNewsTest;
				PRODUCT_NAME = "$(TARGET_NAME)";
			};
			name = Release;
		};
		CD731BF01E1643150071A172 /* Debug */ = {
			isa = XCBuildConfiguration;
			buildSettings = {
				BUNDLE_LOADER = "$(TEST_HOST)";
				INFOPLIST_FILE = TodayNewsTestTests/Info.plist;
				LD_RUNPATH_SEARCH_PATHS = "$(inherited) @executable_path/Frameworks @loader_path/Frameworks";
				PRODUCT_BUNDLE_IDENTIFIER = com.Lyy.TodayNewsTestTests;
				PRODUCT_NAME = "$(TARGET_NAME)";
				TEST_HOST = "$(BUILT_PRODUCTS_DIR)/TodayNewsTest.app/TodayNewsTest";
			};
			name = Debug;
		};
		CD731BF11E1643150071A172 /* Release */ = {
			isa = XCBuildConfiguration;
			buildSettings = {
				BUNDLE_LOADER = "$(TEST_HOST)";
				INFOPLIST_FILE = TodayNewsTestTests/Info.plist;
				LD_RUNPATH_SEARCH_PATHS = "$(inherited) @executable_path/Frameworks @loader_path/Frameworks";
				PRODUCT_BUNDLE_IDENTIFIER = com.Lyy.TodayNewsTestTests;
				PRODUCT_NAME = "$(TARGET_NAME)";
				TEST_HOST = "$(BUILT_PRODUCTS_DIR)/TodayNewsTest.app/TodayNewsTest";
			};
			name = Release;
		};
		CD731BF31E1643150071A172 /* Debug */ = {
			isa = XCBuildConfiguration;
			buildSettings = {
				INFOPLIST_FILE = TodayNewsTestUITests/Info.plist;
				LD_RUNPATH_SEARCH_PATHS = "$(inherited) @executable_path/Frameworks @loader_path/Frameworks";
				PRODUCT_BUNDLE_IDENTIFIER = com.Lyy.TodayNewsTestUITests;
				PRODUCT_NAME = "$(TARGET_NAME)";
				TEST_TARGET_NAME = TodayNewsTest;
			};
			name = Debug;
		};
		CD731BF41E1643150071A172 /* Release */ = {
			isa = XCBuildConfiguration;
			buildSettings = {
				INFOPLIST_FILE = TodayNewsTestUITests/Info.plist;
				LD_RUNPATH_SEARCH_PATHS = "$(inherited) @executable_path/Frameworks @loader_path/Frameworks";
				PRODUCT_BUNDLE_IDENTIFIER = com.Lyy.TodayNewsTestUITests;
				PRODUCT_NAME = "$(TARGET_NAME)";
				TEST_TARGET_NAME = TodayNewsTest;
			};
			name = Release;
		};
/* End XCBuildConfiguration section */

/* Begin XCConfigurationList section */
		CD731BBF1E1643150071A172 /* Build configuration list for PBXProject "TodayNewsTest" */ = {
			isa = XCConfigurationList;
			buildConfigurations = (
				CD731BEA1E1643150071A172 /* Debug */,
				CD731BEB1E1643150071A172 /* Release */,
			);
			defaultConfigurationIsVisible = 0;
			defaultConfigurationName = Release;
		};
		CD731BEC1E1643150071A172 /* Build configuration list for PBXNativeTarget "TodayNewsTest" */ = {
			isa = XCConfigurationList;
			buildConfigurations = (
				CD731BED1E1643150071A172 /* Debug */,
				CD731BEE1E1643150071A172 /* Release */,
			);
			defaultConfigurationIsVisible = 0;
			defaultConfigurationName = Release;
		};
		CD731BEF1E1643150071A172 /* Build configuration list for PBXNativeTarget "TodayNewsTestTests" */ = {
			isa = XCConfigurationList;
			buildConfigurations = (
				CD731BF01E1643150071A172 /* Debug */,
				CD731BF11E1643150071A172 /* Release */,
			);
			defaultConfigurationIsVisible = 0;
			defaultConfigurationName = Release;
		};
		CD731BF21E1643150071A172 /* Build configuration list for PBXNativeTarget "TodayNewsTestUITests" */ = {
			isa = XCConfigurationList;
			buildConfigurations = (
				CD731BF31E1643150071A172 /* Debug */,
				CD731BF41E1643150071A172 /* Release */,
			);
			defaultConfigurationIsVisible = 0;
			defaultConfigurationName = Release;
		};
/* End XCConfigurationList section */
	};
	rootObject = CD731BBC1E1643150071A172 /* Project object */;
}
